
Microsoft Visual Studio Solution File, Format Version 12.00
# Visual Studio Version 16
VisualStudioVersion = 16.0.30804.86
MinimumVisualStudioVersion = 10.0.40219.1
Project("{FAE04EC0-301F-11D3-BF4B-00C04F79EFBC}") = "UD24_Ej3", "UD24_Ej3\UD24_Ej3.csproj", "{7BB35F7B-2953-445E-B481-07646F223281}"
EndProject
Global
	GlobalSection(SolutionConfigurationPlatforms) = preSolution
		Debug|Any CPU = Debug|Any CPU
		Release|Any CPU = Release|Any CPU
	EndGlobalSection
	GlobalSection(ProjectConfigurationPlatforms) = postSolution
		{7BB35F7B-2953-445E-B481-07646F223281}.Debug|Any CPU.ActiveCfg = Debug|Any CPU
		{7BB35F7B-2953-445E-B481-07646F223281}.Debug|Any CPU.Build.0 = Debug|Any CPU
		{7BB35F7B-2953-445E-B481-07646F223281}.Release|Any CPU.ActiveCfg = Release|Any CPU
		{7BB35F7B-2953-445E-B481-07646F223281}.Release|Any CPU.Build.0 = Release|Any CPU
	EndGlobalSection
	GlobalSection(SolutionProperties) = preSolution
		HideSolutionNode = FALSE
	EndGlobalSection
	GlobalSection(ExtensibilityGlobals) = postSolution
		SolutionGuid = {1C158271-B92E-4335-A73E-CF5FEA534731}
	EndGlobalSection
EndGlobal
